
Microsoft Visual Studio Solution File, Format Version 12.00
# Visual Studio Version 16
VisualStudioVersion = 16.0.32228.343
MinimumVisualStudioVersion = 10.0.40219.1
Project("{FAE04EC0-301F-11D3-BF4B-00C04F79EFBC}") = "ConsoleApp1", "ConsoleApp1\ConsoleApp1.csproj", "{97E2CD2D-F0C6-4244-834D-478805DCE238}"
EndProject
Global
	GlobalSection(SolutionConfigurationPlatforms) = preSolution
		Debug|Any CPU = Debug|Any CPU
		Release|Any CPU = Release|Any CPU
	EndGlobalSection
	GlobalSection(ProjectConfigurationPlatforms) = postSolution
		{97E2CD2D-F0C6-4244-834D-478805DCE238}.Debug|Any CPU.ActiveCfg = Debug|Any CPU
		{97E2CD2D-F0C6-4244-834D-478805DCE238}.Debug|Any CPU.Build.0 = Debug|Any CPU
		{97E2CD2D-F0C6-4244-834D-478805DCE238}.Release|Any CPU.ActiveCfg = Release|Any CPU
		{97E2CD2D-F0C6-4244-834D-478805DCE238}.Release|Any CPU.Build.0 = Release|Any CPU
	EndGlobalSection
	GlobalSection(SolutionProperties) = preSolution
		HideSolutionNode = FALSE
	EndGlobalSection
	GlobalSection(ExtensibilityGlobals) = postSolution
		SolutionGuid = {94C686D9-A65D-4ECE-A8F6-753D14C396E4}
	EndGlobalSection
EndGlobal
